
Microsoft Visual Studio Solution File, Format Version 12.00
# Visual Studio Version 17
VisualStudioVersion = 17.8.34511.84
MinimumVisualStudioVersion = 10.0.40219.1
Project("{9A19103F-16F7-4668-BE54-9A1E7A4F7556}") = "BeymenCaseAPI", "BeymenCaseAPI\BeymenCaseAPI.csproj", "{77B9FA42-3D81-4019-A9A7-F94C7FDF6045}"
EndProject
Project("{9A19103F-16F7-4668-BE54-9A1E7A4F7556}") = "BeymenCase.ConfigurationReader", "BaymenCase.ConfigurationReader\BeymenCase.ConfigurationReader.csproj", "{C6691FD0-A7C2-4318-9F8E-0544A2D5BAFA}"
EndProject
Project("{9A19103F-16F7-4668-BE54-9A1E7A4F7556}") = "BeymenCase.Redis", "BaymenCase.Redis\BeymenCase.Redis.csproj", "{3E976C63-21F0-4A3C-94AB-4A5AE198990F}"
EndProject
Project("{9A19103F-16F7-4668-BE54-9A1E7A4F7556}") = "BeymenCase.Common", "BeymenCase.Common\BeymenCase.Common.csproj", "{8FF4C186-AE0D-48A8-9546-62167A4B0FE7}"
EndProject
Project("{FAE04EC0-301F-11D3-BF4B-00C04F79EFBC}") = "BeymenCaseAPI.Application", "BeymenCaseAPI.Application\BeymenCaseAPI.Application.csproj", "{D9F89C34-58CA-4712-9FF0-08302A00390E}"
EndProject
Project("{FAE04EC0-301F-11D3-BF4B-00C04F79EFBC}") = "BeymenCaseAPI.Infrastructer", "BeymenCaseAPI.Infrastructer\BeymenCaseAPI.Infrastructer.csproj", "{33DAC3D1-C951-44C0-A73C-41F2CBE5A736}"
EndProject
Global
	GlobalSection(SolutionConfigurationPlatforms) = preSolution
		Debug|Any CPU = Debug|Any CPU
		Release|Any CPU = Release|Any CPU
	EndGlobalSection
	GlobalSection(ProjectConfigurationPlatforms) = postSolution
		{77B9FA42-3D81-4019-A9A7-F94C7FDF6045}.Debug|Any CPU.ActiveCfg = Debug|Any CPU
		{77B9FA42-3D81-4019-A9A7-F94C7FDF6045}.Debug|Any CPU.Build.0 = Debug|Any CPU
		{77B9FA42-3D81-4019-A9A7-F94C7FDF6045}.Release|Any CPU.ActiveCfg = Release|Any CPU
		{77B9FA42-3D81-4019-A9A7-F94C7FDF6045}.Release|Any CPU.Build.0 = Release|Any CPU
		{C6691FD0-A7C2-4318-9F8E-0544A2D5BAFA}.Debug|Any CPU.ActiveCfg = Debug|Any CPU
		{C6691FD0-A7C2-4318-9F8E-0544A2D5BAFA}.Debug|Any CPU.Build.0 = Debug|Any CPU
		{C6691FD0-A7C2-4318-9F8E-0544A2D5BAFA}.Release|Any CPU.ActiveCfg = Release|Any CPU
		{C6691FD0-A7C2-4318-9F8E-0544A2D5BAFA}.Release|Any CPU.Build.0 = Release|Any CPU
		{3E976C63-21F0-4A3C-94AB-4A5AE198990F}.Debug|Any CPU.ActiveCfg = Debug|Any CPU
		{3E976C63-21F0-4A3C-94AB-4A5AE198990F}.Debug|Any CPU.Build.0 = Debug|Any CPU
		{3E976C63-21F0-4A3C-94AB-4A5AE198990F}.Release|Any CPU.ActiveCfg = Release|Any CPU
		{3E976C63-21F0-4A3C-94AB-4A5AE198990F}.Release|Any CPU.Build.0 = Release|Any CPU
		{8FF4C186-AE0D-48A8-9546-62167A4B0FE7}.Debug|Any CPU.ActiveCfg = Debug|Any CPU
		{8FF4C186-AE0D-48A8-9546-62167A4B0FE7}.Debug|Any CPU.Build.0 = Debug|Any CPU
		{8FF4C186-AE0D-48A8-9546-62167A4B0FE7}.Release|Any CPU.ActiveCfg = Release|Any CPU
		{8FF4C186-AE0D-48A8-9546-62167A4B0FE7}.Release|Any CPU.Build.0 = Release|Any CPU
		{D9F89C34-58CA-4712-9FF0-08302A00390E}.Debug|Any CPU.ActiveCfg = Debug|Any CPU
		{D9F89C34-58CA-4712-9FF0-08302A00390E}.Debug|Any CPU.Build.0 = Debug|Any CPU
		{D9F89C34-58CA-4712-9FF0-08302A00390E}.Release|Any CPU.ActiveCfg = Release|Any CPU
		{D9F89C34-58CA-4712-9FF0-08302A00390E}.Release|Any CPU.Build.0 = Release|Any CPU
		{33DAC3D1-C951-44C0-A73C-41F2CBE5A736}.Debug|Any CPU.ActiveCfg = Debug|Any CPU
		{33DAC3D1-C951-44C0-A73C-41F2CBE5A736}.Debug|Any CPU.Build.0 = Debug|Any CPU
		{33DAC3D1-C951-44C0-A73C-41F2CBE5A736}.Release|Any CPU.ActiveCfg = Release|Any CPU
		{33DAC3D1-C951-44C0-A73C-41F2CBE5A736}.Release|Any CPU.Build.0 = Release|Any CPU
	EndGlobalSection
	GlobalSection(SolutionProperties) = preSolution
		HideSolutionNode = FALSE
	EndGlobalSection
	GlobalSection(ExtensibilityGlobals) = postSolution
		SolutionGuid = {D4721363-A15B-42E1-BEF1-0288FEEE95D5}
	EndGlobalSection
EndGlobal
